
Microsoft Visual Studio Solution File, Format Version 12.00
Project("{FAE04EC0-301F-11D3-BF4B-00C04F79EFBC}") = "DotGod", "DotGod\DotGod.csproj", "{1C9CF6B1-1496-4C6A-BF07-E2E32D40459F}"
EndProject
Project("{FAE04EC0-301F-11D3-BF4B-00C04F79EFBC}") = "Subroutine", "Subroutine\Subroutine.csproj", "{48C077AF-7B90-4635-B832-0295ADB83B0D}"
EndProject
Project("{FAE04EC0-301F-11D3-BF4B-00C04F79EFBC}") = "Subroutine.Function.Nullary.Equality", "Subroutine.Function.Nullary.Equality\Subroutine.Function.Nullary.Equality.csproj", "{5AB6F323-CE9D-4C54-A431-F08A47AFFA9A}"
EndProject
Project("{2150E333-8FDC-42A3-9474-1A3956D46DE8}") = "Subroutine", "Subroutine", "{8AD13000-92ED-4171-8C09-A784442DB967}"
EndProject
Project("{2150E333-8FDC-42A3-9474-1A3956D46DE8}") = "Mathematics", "Mathematics", "{D7D1F46A-21D2-4082-87A8-1D1244C23A01}"
EndProject
Project("{FAE04EC0-301F-11D3-BF4B-00C04F79EFBC}") = "Mathematics.Boolean", "Mathematics.Boolean\Mathematics.Boolean.csproj", "{F848DC78-D83D-49FB-BF9C-D65BF82B68C6}"
EndProject
Project("{2150E333-8FDC-42A3-9474-1A3956D46DE8}") = "Object", "Object", "{1F27AF3C-1260-4CB1-8B97-7C91051B2CDF}"
EndProject
Project("{FAE04EC0-301F-11D3-BF4B-00C04F79EFBC}") = "Object.Equality", "Object.Equality\Object.Equality.csproj", "{6B1330FB-A291-4A1E-B94B-64A964BA245B}"
EndProject
Project("{FAE04EC0-301F-11D3-BF4B-00C04F79EFBC}") = "Object.Casted.Convertee", "Object.Casted.Convertee\Object.Casted.Convertee.csproj", "{BF284978-911C-4482-9460-62D046C316E3}"
EndProject
Project("{FAE04EC0-301F-11D3-BF4B-00C04F79EFBC}") = "Object.Hash", "Object.Hash\Object.Hash.csproj", "{AF9951A7-2FD1-41AD-9BB3-26B84050BE6F}"
EndProject
Project("{FAE04EC0-301F-11D3-BF4B-00C04F79EFBC}") = "Object.String", "Object.String\Object.String.csproj", "{CCE67C5D-19C0-472D-A4AA-0E468F669E41}"
EndProject
Project("{FAE04EC0-301F-11D3-BF4B-00C04F79EFBC}") = "String", "String\String.csproj", "{9F074C13-093C-4572-8F9E-5716A1D26FB3}"
EndProject
Project("{FAE04EC0-301F-11D3-BF4B-00C04F79EFBC}") = "Enumerable", "Enumerable\Enumerable.csproj", "{9354EA37-68FF-467C-AD98-47237DC3527B}"
EndProject
Project("{FAE04EC0-301F-11D3-BF4B-00C04F79EFBC}") = "Collection", "Collection\Collection.csproj", "{8F345E15-5455-40D4-8591-6BEB8BD835B6}"
EndProject
Project("{FAE04EC0-301F-11D3-BF4B-00C04F79EFBC}") = "Array", "Array\Array.csproj", "{4BB9AFE1-AC37-450C-92D8-B88FD4B3A934}"
EndProject
Project("{FAE04EC0-301F-11D3-BF4B-00C04F79EFBC}") = "Dictionary", "Dictionary\Dictionary.csproj", "{22E6EE17-60E4-419C-AE71-7A31D34E814D}"
EndProject
Project("{FAE04EC0-301F-11D3-BF4B-00C04F79EFBC}") = "Event", "Event\Event.csproj", "{3823AB24-4053-4572-ADE6-13D95FCFB68E}"
EndProject
Project("{FAE04EC0-301F-11D3-BF4B-00C04F79EFBC}") = "List", "List\List.csproj", "{A00821C5-DF81-4CD5-AF2F-99195768ED8D}"
EndProject
Project("{FAE04EC0-301F-11D3-BF4B-00C04F79EFBC}") = "Information.Measurement", "Information.Measurement\Information.Measurement.csproj", "{5CAB1F62-7E0A-4129-95B8-28EB233795A7}"
EndProject
Project("{FAE04EC0-301F-11D3-BF4B-00C04F79EFBC}") = "Memory.Span.ReadOnly", "Memory.Span.ReadOnly\Memory.Span.ReadOnly.csproj", "{13997AF8-3DA3-44DB-9C24-3169E636E597}"
EndProject
Project("{FAE04EC0-301F-11D3-BF4B-00C04F79EFBC}") = "Mathematics.Vector", "Mathematics.Vector\Mathematics.Vector.csproj", "{B3DE1689-C768-455C-81B6-462F204F3263}"
EndProject
Project("{FAE04EC0-301F-11D3-BF4B-00C04F79EFBC}") = "Mathematics.Number", "Mathematics.Number\Mathematics.Number.csproj", "{7C048B12-C69C-476C-89F1-800A07FBB240}"
EndProject
Project("{FAE04EC0-301F-11D3-BF4B-00C04F79EFBC}") = "Mathematics.Geometry", "Mathematics.Geometry\Mathematics.Geometry.csproj", "{ACE2F8FB-E335-446F-BFDF-94F7934E6570}"
EndProject
Project("{FAE04EC0-301F-11D3-BF4B-00C04F79EFBC}") = "Mathematics.Comparison", "Mathematics.Comparison\Mathematics.Comparison.csproj", "{1B922DDC-3CBC-4E66-B9E6-57DFFAA7A8CE}"
EndProject
Project("{FAE04EC0-301F-11D3-BF4B-00C04F79EFBC}") = "Mathematics.Arithmetic", "Mathematics.Arithmetic\Mathematics.Arithmetic.csproj", "{58F97780-F24A-4BF7-83A5-B191106686D1}"
EndProject
Project("{2150E333-8FDC-42A3-9474-1A3956D46DE8}") = "List", "List", "{3C29E83F-F7C7-47BE-BD38-B8871AD95417}"
EndProject
Project("{FAE04EC0-301F-11D3-BF4B-00C04F79EFBC}") = "List.Function.Result", "List.Function.Result\List.Function.Result.csproj", "{9B7472A5-0385-41E7-8B54-EDA501158740}"
EndProject
Project("{FAE04EC0-301F-11D3-BF4B-00C04F79EFBC}") = "List.Property.Value", "List.Property.Value\List.Property.Value.csproj", "{62C42997-2213-4250-A5F3-98006921C892}"
EndProject
Project("{FAE04EC0-301F-11D3-BF4B-00C04F79EFBC}") = "String.Operation", "String.Operation\String.Operation.csproj", "{2ABFE80C-DAC5-4D86-89A5-9AE5D77EB766}"
EndProject
Project("{2150E333-8FDC-42A3-9474-1A3956D46DE8}") = "String", "String", "{42DCCFD2-3939-4181-8E86-02975F6E87C1}"
EndProject
Project("{FAE04EC0-301F-11D3-BF4B-00C04F79EFBC}") = "String.From.System", "String.From.System\String.From.System.csproj", "{C3289E5F-B786-445E-B5E2-40A473EA4996}"
EndProject
Project("{FAE04EC0-301F-11D3-BF4B-00C04F79EFBC}") = "String.Function.Result", "String.Function.Result\String.Function.Result.csproj", "{5FF57EFA-3629-4CD6-A733-20A941FC72BB}"
EndProject
Project("{FAE04EC0-301F-11D3-BF4B-00C04F79EFBC}") = "String.Property.Value", "String.Property.Value\String.Property.Value.csproj", "{382AAC36-90B5-4565-A6EE-263196B794CE}"
EndProject
Project("{FAE04EC0-301F-11D3-BF4B-00C04F79EFBC}") = "Property.Nullable.From.System", "Property.Nullable.From.System\Property.Nullable.From.System.csproj", "{BABF7BDC-EB02-4238-B1A8-AAA08C203A12}"
EndProject
Project("{2150E333-8FDC-42A3-9474-1A3956D46DE8}") = "Property", "Property", "{BA721255-6DA0-46B1-B6BF-4B6737B61D3B}"
EndProject
Project("{2150E333-8FDC-42A3-9474-1A3956D46DE8}") = "Memory", "Memory", "{75B5CA3A-430C-471A-8AB8-F0B01B8CA8FB}"
EndProject
Project("{FAE04EC0-301F-11D3-BF4B-00C04F79EFBC}") = "Memory.Span.ReadOnly.Function.Result", "Memory.Span.ReadOnly.Function.Result\Memory.Span.ReadOnly.Function.Result.csproj", "{C0FB9FDF-80F0-4DAB-8603-01B79BCBA842}"
EndProject
Project("{2150E333-8FDC-42A3-9474-1A3956D46DE8}") = "Enumerable", "Enumerable", "{CBBA604D-F264-49FF-86CE-40FF5D93C42E}"
EndProject
Project("{FAE04EC0-301F-11D3-BF4B-00C04F79EFBC}") = "Enumerable.String", "Enumerable.String\Enumerable.String.csproj", "{DA20D9AF-D79A-418A-90AC-19D23E97C617}"
EndProject
Project("{FAE04EC0-301F-11D3-BF4B-00C04F79EFBC}") = "Memory.Span.ReadOnly.Requirement", "Memory.Span.ReadOnly.Requirement\Memory.Span.ReadOnly.Requirement.csproj", "{A2F2CCB1-4F2C-49D1-8A49-BBB385495687}"
EndProject
Project("{2150E333-8FDC-42A3-9474-1A3956D46DE8}") = "Collection", "Collection", "{E14EE561-FD93-4DAA-927C-E81291B3CCD4}"
EndProject
Project("{FAE04EC0-301F-11D3-BF4B-00C04F79EFBC}") = "Collection.Function.Result", "Collection.Function.Result\Collection.Function.Result.csproj", "{640BB21B-5546-4F4A-81D0-FEF35F1492C0}"
EndProject
Project("{FAE04EC0-301F-11D3-BF4B-00C04F79EFBC}") = "Collection.Property.Value", "Collection.Property.Value\Collection.Property.Value.csproj", "{0ECA9EDE-D5D4-4EE5-A150-02DB89486F24}"
EndProject
Project("{FAE04EC0-301F-11D3-BF4B-00C04F79EFBC}") = "Collection.Requirement", "Collection.Requirement\Collection.Requirement.csproj", "{61A100E9-A7B3-4F31-B03D-0CC8B659D129}"
EndProject
Project("{FAE04EC0-301F-11D3-BF4B-00C04F79EFBC}") = "Property.Input", "Property.Input\Property.Input.csproj", "{F216CC67-0FB3-44A9-928C-298C8D8E183D}"
EndProject
Project("{FAE04EC0-301F-11D3-BF4B-00C04F79EFBC}") = "Property.Output", "Property.Output\Property.Output.csproj", "{10CB45EC-6C67-413E-94DF-4F52F661682E}"
EndProject
Project("{FAE04EC0-301F-11D3-BF4B-00C04F79EFBC}") = "Property.Transput", "Property.Transput\Property.Transput.csproj", "{E15DA519-B350-4013-A902-9C7720969EB2}"
EndProject
Project("{FAE04EC0-301F-11D3-BF4B-00C04F79EFBC}") = "Property.Nullable", "Property.Nullable\Property.Nullable.csproj", "{7D1F38A7-7245-4C34-9A04-304E93DB8A4B}"
EndProject
Project("{FAE04EC0-301F-11D3-BF4B-00C04F79EFBC}") = "Property.Output.Casted.Convertee", "Property.Output.Casted.Convertee\Property.Output.Casted.Convertee.csproj", "{E2CCDAEF-5928-4663-8CB3-F6952F58FFFF}"
EndProject
Project("{2150E333-8FDC-42A3-9474-1A3956D46DE8}") = "Property.Output", "Property.Output", "{200B2BF6-ABC4-4D33-903D-136AD778A31D}"
EndProject
Project("{2150E333-8FDC-42A3-9474-1A3956D46DE8}") = "Property.Transput", "Property.Transput", "{F29E92CD-0159-43EA-9782-A7DC884881F0}"
EndProject
Project("{2150E333-8FDC-42A3-9474-1A3956D46DE8}") = "Property.Nullable", "Property.Nullable", "{3D6F5835-67D8-4E8B-B1D8-F29F5CD771ED}"
EndProject
Project("{FAE04EC0-301F-11D3-BF4B-00C04F79EFBC}") = "Property.Output.Snapshot", "Property.Output.Snapshot\Property.Output.Snapshot.csproj", "{C37FE2DA-F3A5-4C47-A468-F60337A0A0EA}"
EndProject
Project("{FAE04EC0-301F-11D3-BF4B-00C04F79EFBC}") = "Property.Output.With.Callback", "Property.Output.With.Callback\Property.Output.With.Callback.csproj", "{57BEEEBC-8CE7-439C-8EC6-4C45A262E10E}"
EndProject
Project("{FAE04EC0-301F-11D3-BF4B-00C04F79EFBC}") = "Property.Output.From.Enumerable", "Property.Output.From.Enumerable\Property.Output.From.Enumerable.csproj", "{31C4F546-0E40-4E3D-8B28-3D7160C1F12B}"
EndProject
Project("{FAE04EC0-301F-11D3-BF4B-00C04F79EFBC}") = "Property.Output.Function.Result", "Property.Output.Function.Result\Property.Output.Function.Result.csproj", "{8EAD5ACA-0D1D-4EAF-83AE-8E6BA14CA166}"
EndProject
Project("{FAE04EC0-301F-11D3-BF4B-00C04F79EFBC}") = "Property.Output.Nested.Value", "Property.Output.Nested.Value\Property.Output.Nested.Value.csproj", "{3C46E145-4EDB-43D6-9F8D-E0E04CE59FE3}"
EndProject
Project("{FAE04EC0-301F-11D3-BF4B-00C04F79EFBC}") = "Property.Output.Conditional", "Property.Output.Conditional\Property.Output.Conditional.csproj", "{B88910E8-DD98-4B37-BFAB-B4B45A362FBF}"
EndProject
Project("{FAE04EC0-301F-11D3-BF4B-00C04F79EFBC}") = "Property.Transput.Function.Result", "Property.Transput.Function.Result\Property.Transput.Function.Result.csproj", "{7E6072FC-1176-4072-84A8-0E1AC14DB5C0}"
EndProject
Project("{FAE04EC0-301F-11D3-BF4B-00C04F79EFBC}") = "Property.Transput.Output.Value", "Property.Transput.Output.Value\Property.Transput.Output.Value.csproj", "{50883E07-8C26-4F6A-BC7A-DECC0DC58385}"
EndProject
Project("{FAE04EC0-301F-11D3-BF4B-00C04F79EFBC}") = "Property.Transput.With.Member.Definition", "Property.Transput.With.Member.Definition\Property.Transput.With.Member.Definition.csproj", "{6EFCD7CA-C785-4267-AA7A-514AE050F7D3}"
EndProject
Project("{FAE04EC0-301F-11D3-BF4B-00C04F79EFBC}") = "Property.Nullable.Casted.Convertee", "Property.Nullable.Casted.Convertee\Property.Nullable.Casted.Convertee.csproj", "{C70CAFD2-5B84-4F3E-8EDF-2DA57DE44956}"
EndProject
Project("{FAE04EC0-301F-11D3-BF4B-00C04F79EFBC}") = "Property.Nullable.From.Array", "Property.Nullable.From.Array\Property.Nullable.From.Array.csproj", "{2F457EBE-8C3F-4985-8798-6B1B85D4C3E6}"
EndProject
Project("{FAE04EC0-301F-11D3-BF4B-00C04F79EFBC}") = "Property.Nullable.Spare.When.Null", "Property.Nullable.Spare.When.Null\Property.Nullable.Spare.When.Null.csproj", "{4F573120-365D-421B-82B2-E084023071D8}"
EndProject
Global
	GlobalSection(SolutionConfigurationPlatforms) = preSolution
		Debug|Any CPU = Debug|Any CPU
		Release|Any CPU = Release|Any CPU
	EndGlobalSection
	GlobalSection(ProjectConfigurationPlatforms) = postSolution
		{1C9CF6B1-1496-4C6A-BF07-E2E32D40459F}.Debug|Any CPU.ActiveCfg = Debug|Any CPU
		{1C9CF6B1-1496-4C6A-BF07-E2E32D40459F}.Debug|Any CPU.Build.0 = Debug|Any CPU
		{1C9CF6B1-1496-4C6A-BF07-E2E32D40459F}.Release|Any CPU.ActiveCfg = Release|Any CPU
		{1C9CF6B1-1496-4C6A-BF07-E2E32D40459F}.Release|Any CPU.Build.0 = Release|Any CPU
		{48C077AF-7B90-4635-B832-0295ADB83B0D}.Debug|Any CPU.ActiveCfg = Debug|Any CPU
		{48C077AF-7B90-4635-B832-0295ADB83B0D}.Debug|Any CPU.Build.0 = Debug|Any CPU
		{48C077AF-7B90-4635-B832-0295ADB83B0D}.Release|Any CPU.ActiveCfg = Release|Any CPU
		{48C077AF-7B90-4635-B832-0295ADB83B0D}.Release|Any CPU.Build.0 = Release|Any CPU
		{5AB6F323-CE9D-4C54-A431-F08A47AFFA9A}.Debug|Any CPU.ActiveCfg = Debug|Any CPU
		{5AB6F323-CE9D-4C54-A431-F08A47AFFA9A}.Debug|Any CPU.Build.0 = Debug|Any CPU
		{5AB6F323-CE9D-4C54-A431-F08A47AFFA9A}.Release|Any CPU.ActiveCfg = Release|Any CPU
		{5AB6F323-CE9D-4C54-A431-F08A47AFFA9A}.Release|Any CPU.Build.0 = Release|Any CPU
		{F848DC78-D83D-49FB-BF9C-D65BF82B68C6}.Debug|Any CPU.ActiveCfg = Debug|Any CPU
		{F848DC78-D83D-49FB-BF9C-D65BF82B68C6}.Debug|Any CPU.Build.0 = Debug|Any CPU
		{F848DC78-D83D-49FB-BF9C-D65BF82B68C6}.Release|Any CPU.ActiveCfg = Release|Any CPU
		{F848DC78-D83D-49FB-BF9C-D65BF82B68C6}.Release|Any CPU.Build.0 = Release|Any CPU
		{6B1330FB-A291-4A1E-B94B-64A964BA245B}.Debug|Any CPU.ActiveCfg = Debug|Any CPU
		{6B1330FB-A291-4A1E-B94B-64A964BA245B}.Debug|Any CPU.Build.0 = Debug|Any CPU
		{6B1330FB-A291-4A1E-B94B-64A964BA245B}.Release|Any CPU.ActiveCfg = Release|Any CPU
		{6B1330FB-A291-4A1E-B94B-64A964BA245B}.Release|Any CPU.Build.0 = Release|Any CPU
		{BF284978-911C-4482-9460-62D046C316E3}.Debug|Any CPU.ActiveCfg = Debug|Any CPU
		{BF284978-911C-4482-9460-62D046C316E3}.Debug|Any CPU.Build.0 = Debug|Any CPU
		{BF284978-911C-4482-9460-62D046C316E3}.Release|Any CPU.ActiveCfg = Release|Any CPU
		{BF284978-911C-4482-9460-62D046C316E3}.Release|Any CPU.Build.0 = Release|Any CPU
		{AF9951A7-2FD1-41AD-9BB3-26B84050BE6F}.Debug|Any CPU.ActiveCfg = Debug|Any CPU
		{AF9951A7-2FD1-41AD-9BB3-26B84050BE6F}.Debug|Any CPU.Build.0 = Debug|Any CPU
		{AF9951A7-2FD1-41AD-9BB3-26B84050BE6F}.Release|Any CPU.ActiveCfg = Release|Any CPU
		{AF9951A7-2FD1-41AD-9BB3-26B84050BE6F}.Release|Any CPU.Build.0 = Release|Any CPU
		{CCE67C5D-19C0-472D-A4AA-0E468F669E41}.Debug|Any CPU.ActiveCfg = Debug|Any CPU
		{CCE67C5D-19C0-472D-A4AA-0E468F669E41}.Debug|Any CPU.Build.0 = Debug|Any CPU
		{CCE67C5D-19C0-472D-A4AA-0E468F669E41}.Release|Any CPU.ActiveCfg = Release|Any CPU
		{CCE67C5D-19C0-472D-A4AA-0E468F669E41}.Release|Any CPU.Build.0 = Release|Any CPU
		{9F074C13-093C-4572-8F9E-5716A1D26FB3}.Debug|Any CPU.ActiveCfg = Debug|Any CPU
		{9F074C13-093C-4572-8F9E-5716A1D26FB3}.Debug|Any CPU.Build.0 = Debug|Any CPU
		{9F074C13-093C-4572-8F9E-5716A1D26FB3}.Release|Any CPU.ActiveCfg = Release|Any CPU
		{9F074C13-093C-4572-8F9E-5716A1D26FB3}.Release|Any CPU.Build.0 = Release|Any CPU
		{9354EA37-68FF-467C-AD98-47237DC3527B}.Debug|Any CPU.ActiveCfg = Debug|Any CPU
		{9354EA37-68FF-467C-AD98-47237DC3527B}.Debug|Any CPU.Build.0 = Debug|Any CPU
		{9354EA37-68FF-467C-AD98-47237DC3527B}.Release|Any CPU.ActiveCfg = Release|Any CPU
		{9354EA37-68FF-467C-AD98-47237DC3527B}.Release|Any CPU.Build.0 = Release|Any CPU
		{8F345E15-5455-40D4-8591-6BEB8BD835B6}.Debug|Any CPU.ActiveCfg = Debug|Any CPU
		{8F345E15-5455-40D4-8591-6BEB8BD835B6}.Debug|Any CPU.Build.0 = Debug|Any CPU
		{8F345E15-5455-40D4-8591-6BEB8BD835B6}.Release|Any CPU.ActiveCfg = Release|Any CPU
		{8F345E15-5455-40D4-8591-6BEB8BD835B6}.Release|Any CPU.Build.0 = Release|Any CPU
		{4BB9AFE1-AC37-450C-92D8-B88FD4B3A934}.Debug|Any CPU.ActiveCfg = Debug|Any CPU
		{4BB9AFE1-AC37-450C-92D8-B88FD4B3A934}.Debug|Any CPU.Build.0 = Debug|Any CPU
		{4BB9AFE1-AC37-450C-92D8-B88FD4B3A934}.Release|Any CPU.ActiveCfg = Release|Any CPU
		{4BB9AFE1-AC37-450C-92D8-B88FD4B3A934}.Release|Any CPU.Build.0 = Release|Any CPU
		{22E6EE17-60E4-419C-AE71-7A31D34E814D}.Debug|Any CPU.ActiveCfg = Debug|Any CPU
		{22E6EE17-60E4-419C-AE71-7A31D34E814D}.Debug|Any CPU.Build.0 = Debug|Any CPU
		{22E6EE17-60E4-419C-AE71-7A31D34E814D}.Release|Any CPU.ActiveCfg = Release|Any CPU
		{22E6EE17-60E4-419C-AE71-7A31D34E814D}.Release|Any CPU.Build.0 = Release|Any CPU
		{3823AB24-4053-4572-ADE6-13D95FCFB68E}.Debug|Any CPU.ActiveCfg = Debug|Any CPU
		{3823AB24-4053-4572-ADE6-13D95FCFB68E}.Debug|Any CPU.Build.0 = Debug|Any CPU
		{3823AB24-4053-4572-ADE6-13D95FCFB68E}.Release|Any CPU.ActiveCfg = Release|Any CPU
		{3823AB24-4053-4572-ADE6-13D95FCFB68E}.Release|Any CPU.Build.0 = Release|Any CPU
		{A00821C5-DF81-4CD5-AF2F-99195768ED8D}.Debug|Any CPU.ActiveCfg = Debug|Any CPU
		{A00821C5-DF81-4CD5-AF2F-99195768ED8D}.Debug|Any CPU.Build.0 = Debug|Any CPU
		{A00821C5-DF81-4CD5-AF2F-99195768ED8D}.Release|Any CPU.ActiveCfg = Release|Any CPU
		{A00821C5-DF81-4CD5-AF2F-99195768ED8D}.Release|Any CPU.Build.0 = Release|Any CPU
		{5CAB1F62-7E0A-4129-95B8-28EB233795A7}.Debug|Any CPU.ActiveCfg = Debug|Any CPU
		{5CAB1F62-7E0A-4129-95B8-28EB233795A7}.Debug|Any CPU.Build.0 = Debug|Any CPU
		{5CAB1F62-7E0A-4129-95B8-28EB233795A7}.Release|Any CPU.ActiveCfg = Release|Any CPU
		{5CAB1F62-7E0A-4129-95B8-28EB233795A7}.Release|Any CPU.Build.0 = Release|Any CPU
		{13997AF8-3DA3-44DB-9C24-3169E636E597}.Debug|Any CPU.ActiveCfg = Debug|Any CPU
		{13997AF8-3DA3-44DB-9C24-3169E636E597}.Debug|Any CPU.Build.0 = Debug|Any CPU
		{13997AF8-3DA3-44DB-9C24-3169E636E597}.Release|Any CPU.ActiveCfg = Release|Any CPU
		{13997AF8-3DA3-44DB-9C24-3169E636E597}.Release|Any CPU.Build.0 = Release|Any CPU
		{B3DE1689-C768-455C-81B6-462F204F3263}.Debug|Any CPU.ActiveCfg = Debug|Any CPU
		{B3DE1689-C768-455C-81B6-462F204F3263}.Debug|Any CPU.Build.0 = Debug|Any CPU
		{B3DE1689-C768-455C-81B6-462F204F3263}.Release|Any CPU.ActiveCfg = Release|Any CPU
		{B3DE1689-C768-455C-81B6-462F204F3263}.Release|Any CPU.Build.0 = Release|Any CPU
		{7C048B12-C69C-476C-89F1-800A07FBB240}.Debug|Any CPU.ActiveCfg = Debug|Any CPU
		{7C048B12-C69C-476C-89F1-800A07FBB240}.Debug|Any CPU.Build.0 = Debug|Any CPU
		{7C048B12-C69C-476C-89F1-800A07FBB240}.Release|Any CPU.ActiveCfg = Release|Any CPU
		{7C048B12-C69C-476C-89F1-800A07FBB240}.Release|Any CPU.Build.0 = Release|Any CPU
		{ACE2F8FB-E335-446F-BFDF-94F7934E6570}.Debug|Any CPU.ActiveCfg = Debug|Any CPU
		{ACE2F8FB-E335-446F-BFDF-94F7934E6570}.Debug|Any CPU.Build.0 = Debug|Any CPU
		{ACE2F8FB-E335-446F-BFDF-94F7934E6570}.Release|Any CPU.ActiveCfg = Release|Any CPU
		{ACE2F8FB-E335-446F-BFDF-94F7934E6570}.Release|Any CPU.Build.0 = Release|Any CPU
		{1B922DDC-3CBC-4E66-B9E6-57DFFAA7A8CE}.Debug|Any CPU.ActiveCfg = Debug|Any CPU
		{1B922DDC-3CBC-4E66-B9E6-57DFFAA7A8CE}.Debug|Any CPU.Build.0 = Debug|Any CPU
		{1B922DDC-3CBC-4E66-B9E6-57DFFAA7A8CE}.Release|Any CPU.ActiveCfg = Release|Any CPU
		{1B922DDC-3CBC-4E66-B9E6-57DFFAA7A8CE}.Release|Any CPU.Build.0 = Release|Any CPU
		{58F97780-F24A-4BF7-83A5-B191106686D1}.Debug|Any CPU.ActiveCfg = Debug|Any CPU
		{58F97780-F24A-4BF7-83A5-B191106686D1}.Debug|Any CPU.Build.0 = Debug|Any CPU
		{58F97780-F24A-4BF7-83A5-B191106686D1}.Release|Any CPU.ActiveCfg = Release|Any CPU
		{58F97780-F24A-4BF7-83A5-B191106686D1}.Release|Any CPU.Build.0 = Release|Any CPU
		{9B7472A5-0385-41E7-8B54-EDA501158740}.Debug|Any CPU.ActiveCfg = Debug|Any CPU
		{9B7472A5-0385-41E7-8B54-EDA501158740}.Debug|Any CPU.Build.0 = Debug|Any CPU
		{9B7472A5-0385-41E7-8B54-EDA501158740}.Release|Any CPU.ActiveCfg = Release|Any CPU
		{9B7472A5-0385-41E7-8B54-EDA501158740}.Release|Any CPU.Build.0 = Release|Any CPU
		{62C42997-2213-4250-A5F3-98006921C892}.Debug|Any CPU.ActiveCfg = Debug|Any CPU
		{62C42997-2213-4250-A5F3-98006921C892}.Debug|Any CPU.Build.0 = Debug|Any CPU
		{62C42997-2213-4250-A5F3-98006921C892}.Release|Any CPU.ActiveCfg = Release|Any CPU
		{62C42997-2213-4250-A5F3-98006921C892}.Release|Any CPU.Build.0 = Release|Any CPU
		{2ABFE80C-DAC5-4D86-89A5-9AE5D77EB766}.Debug|Any CPU.ActiveCfg = Debug|Any CPU
		{2ABFE80C-DAC5-4D86-89A5-9AE5D77EB766}.Debug|Any CPU.Build.0 = Debug|Any CPU
		{2ABFE80C-DAC5-4D86-89A5-9AE5D77EB766}.Release|Any CPU.ActiveCfg = Release|Any CPU
		{2ABFE80C-DAC5-4D86-89A5-9AE5D77EB766}.Release|Any CPU.Build.0 = Release|Any CPU
		{C3289E5F-B786-445E-B5E2-40A473EA4996}.Debug|Any CPU.ActiveCfg = Debug|Any CPU
		{C3289E5F-B786-445E-B5E2-40A473EA4996}.Debug|Any CPU.Build.0 = Debug|Any CPU
		{C3289E5F-B786-445E-B5E2-40A473EA4996}.Release|Any CPU.ActiveCfg = Release|Any CPU
		{C3289E5F-B786-445E-B5E2-40A473EA4996}.Release|Any CPU.Build.0 = Release|Any CPU
		{5FF57EFA-3629-4CD6-A733-20A941FC72BB}.Debug|Any CPU.ActiveCfg = Debug|Any CPU
		{5FF57EFA-3629-4CD6-A733-20A941FC72BB}.Debug|Any CPU.Build.0 = Debug|Any CPU
		{5FF57EFA-3629-4CD6-A733-20A941FC72BB}.Release|Any CPU.ActiveCfg = Release|Any CPU
		{5FF57EFA-3629-4CD6-A733-20A941FC72BB}.Release|Any CPU.Build.0 = Release|Any CPU
		{382AAC36-90B5-4565-A6EE-263196B794CE}.Debug|Any CPU.ActiveCfg = Debug|Any CPU
		{382AAC36-90B5-4565-A6EE-263196B794CE}.Debug|Any CPU.Build.0 = Debug|Any CPU
		{382AAC36-90B5-4565-A6EE-263196B794CE}.Release|Any CPU.ActiveCfg = Release|Any CPU
		{382AAC36-90B5-4565-A6EE-263196B794CE}.Release|Any CPU.Build.0 = Release|Any CPU
		{BABF7BDC-EB02-4238-B1A8-AAA08C203A12}.Debug|Any CPU.ActiveCfg = Debug|Any CPU
		{BABF7BDC-EB02-4238-B1A8-AAA08C203A12}.Debug|Any CPU.Build.0 = Debug|Any CPU
		{BABF7BDC-EB02-4238-B1A8-AAA08C203A12}.Release|Any CPU.ActiveCfg = Release|Any CPU
		{BABF7BDC-EB02-4238-B1A8-AAA08C203A12}.Release|Any CPU.Build.0 = Release|Any CPU
		{C0FB9FDF-80F0-4DAB-8603-01B79BCBA842}.Debug|Any CPU.ActiveCfg = Debug|Any CPU
		{C0FB9FDF-80F0-4DAB-8603-01B79BCBA842}.Debug|Any CPU.Build.0 = Debug|Any CPU
		{C0FB9FDF-80F0-4DAB-8603-01B79BCBA842}.Release|Any CPU.ActiveCfg = Release|Any CPU
		{C0FB9FDF-80F0-4DAB-8603-01B79BCBA842}.Release|Any CPU.Build.0 = Release|Any CPU
		{DA20D9AF-D79A-418A-90AC-19D23E97C617}.Debug|Any CPU.ActiveCfg = Debug|Any CPU
		{DA20D9AF-D79A-418A-90AC-19D23E97C617}.Debug|Any CPU.Build.0 = Debug|Any CPU
		{DA20D9AF-D79A-418A-90AC-19D23E97C617}.Release|Any CPU.ActiveCfg = Release|Any CPU
		{DA20D9AF-D79A-418A-90AC-19D23E97C617}.Release|Any CPU.Build.0 = Release|Any CPU
		{A2F2CCB1-4F2C-49D1-8A49-BBB385495687}.Debug|Any CPU.ActiveCfg = Debug|Any CPU
		{A2F2CCB1-4F2C-49D1-8A49-BBB385495687}.Debug|Any CPU.Build.0 = Debug|Any CPU
		{A2F2CCB1-4F2C-49D1-8A49-BBB385495687}.Release|Any CPU.ActiveCfg = Release|Any CPU
		{A2F2CCB1-4F2C-49D1-8A49-BBB385495687}.Release|Any CPU.Build.0 = Release|Any CPU
		{640BB21B-5546-4F4A-81D0-FEF35F1492C0}.Debug|Any CPU.ActiveCfg = Debug|Any CPU
		{640BB21B-5546-4F4A-81D0-FEF35F1492C0}.Debug|Any CPU.Build.0 = Debug|Any CPU
		{640BB21B-5546-4F4A-81D0-FEF35F1492C0}.Release|Any CPU.ActiveCfg = Release|Any CPU
		{640BB21B-5546-4F4A-81D0-FEF35F1492C0}.Release|Any CPU.Build.0 = Release|Any CPU
		{0ECA9EDE-D5D4-4EE5-A150-02DB89486F24}.Debug|Any CPU.ActiveCfg = Debug|Any CPU
		{0ECA9EDE-D5D4-4EE5-A150-02DB89486F24}.Debug|Any CPU.Build.0 = Debug|Any CPU
		{0ECA9EDE-D5D4-4EE5-A150-02DB89486F24}.Release|Any CPU.ActiveCfg = Release|Any CPU
		{0ECA9EDE-D5D4-4EE5-A150-02DB89486F24}.Release|Any CPU.Build.0 = Release|Any CPU
		{61A100E9-A7B3-4F31-B03D-0CC8B659D129}.Debug|Any CPU.ActiveCfg = Debug|Any CPU
		{61A100E9-A7B3-4F31-B03D-0CC8B659D129}.Debug|Any CPU.Build.0 = Debug|Any CPU
		{61A100E9-A7B3-4F31-B03D-0CC8B659D129}.Release|Any CPU.ActiveCfg = Release|Any CPU
		{61A100E9-A7B3-4F31-B03D-0CC8B659D129}.Release|Any CPU.Build.0 = Release|Any CPU
		{F216CC67-0FB3-44A9-928C-298C8D8E183D}.Debug|Any CPU.ActiveCfg = Debug|Any CPU
		{F216CC67-0FB3-44A9-928C-298C8D8E183D}.Debug|Any CPU.Build.0 = Debug|Any CPU
		{F216CC67-0FB3-44A9-928C-298C8D8E183D}.Release|Any CPU.ActiveCfg = Release|Any CPU
		{F216CC67-0FB3-44A9-928C-298C8D8E183D}.Release|Any CPU.Build.0 = Release|Any CPU
		{10CB45EC-6C67-413E-94DF-4F52F661682E}.Debug|Any CPU.ActiveCfg = Debug|Any CPU
		{10CB45EC-6C67-413E-94DF-4F52F661682E}.Debug|Any CPU.Build.0 = Debug|Any CPU
		{10CB45EC-6C67-413E-94DF-4F52F661682E}.Release|Any CPU.ActiveCfg = Release|Any CPU
		{10CB45EC-6C67-413E-94DF-4F52F661682E}.Release|Any CPU.Build.0 = Release|Any CPU
		{E15DA519-B350-4013-A902-9C7720969EB2}.Debug|Any CPU.ActiveCfg = Debug|Any CPU
		{E15DA519-B350-4013-A902-9C7720969EB2}.Debug|Any CPU.Build.0 = Debug|Any CPU
		{E15DA519-B350-4013-A902-9C7720969EB2}.Release|Any CPU.ActiveCfg = Release|Any CPU
		{E15DA519-B350-4013-A902-9C7720969EB2}.Release|Any CPU.Build.0 = Release|Any CPU
		{7D1F38A7-7245-4C34-9A04-304E93DB8A4B}.Debug|Any CPU.ActiveCfg = Debug|Any CPU
		{7D1F38A7-7245-4C34-9A04-304E93DB8A4B}.Debug|Any CPU.Build.0 = Debug|Any CPU
		{7D1F38A7-7245-4C34-9A04-304E93DB8A4B}.Release|Any CPU.ActiveCfg = Release|Any CPU
		{7D1F38A7-7245-4C34-9A04-304E93DB8A4B}.Release|Any CPU.Build.0 = Release|Any CPU
		{E2CCDAEF-5928-4663-8CB3-F6952F58FFFF}.Debug|Any CPU.ActiveCfg = Debug|Any CPU
		{E2CCDAEF-5928-4663-8CB3-F6952F58FFFF}.Debug|Any CPU.Build.0 = Debug|Any CPU
		{E2CCDAEF-5928-4663-8CB3-F6952F58FFFF}.Release|Any CPU.ActiveCfg = Release|Any CPU
		{E2CCDAEF-5928-4663-8CB3-F6952F58FFFF}.Release|Any CPU.Build.0 = Release|Any CPU
		{C37FE2DA-F3A5-4C47-A468-F60337A0A0EA}.Debug|Any CPU.ActiveCfg = Debug|Any CPU
		{C37FE2DA-F3A5-4C47-A468-F60337A0A0EA}.Debug|Any CPU.Build.0 = Debug|Any CPU
		{C37FE2DA-F3A5-4C47-A468-F60337A0A0EA}.Release|Any CPU.ActiveCfg = Release|Any CPU
		{C37FE2DA-F3A5-4C47-A468-F60337A0A0EA}.Release|Any CPU.Build.0 = Release|Any CPU
		{57BEEEBC-8CE7-439C-8EC6-4C45A262E10E}.Debug|Any CPU.ActiveCfg = Debug|Any CPU
		{57BEEEBC-8CE7-439C-8EC6-4C45A262E10E}.Debug|Any CPU.Build.0 = Debug|Any CPU
		{57BEEEBC-8CE7-439C-8EC6-4C45A262E10E}.Release|Any CPU.ActiveCfg = Release|Any CPU
		{57BEEEBC-8CE7-439C-8EC6-4C45A262E10E}.Release|Any CPU.Build.0 = Release|Any CPU
		{31C4F546-0E40-4E3D-8B28-3D7160C1F12B}.Debug|Any CPU.ActiveCfg = Debug|Any CPU
		{31C4F546-0E40-4E3D-8B28-3D7160C1F12B}.Debug|Any CPU.Build.0 = Debug|Any CPU
		{31C4F546-0E40-4E3D-8B28-3D7160C1F12B}.Release|Any CPU.ActiveCfg = Release|Any CPU
		{31C4F546-0E40-4E3D-8B28-3D7160C1F12B}.Release|Any CPU.Build.0 = Release|Any CPU
		{8EAD5ACA-0D1D-4EAF-83AE-8E6BA14CA166}.Debug|Any CPU.ActiveCfg = Debug|Any CPU
		{8EAD5ACA-0D1D-4EAF-83AE-8E6BA14CA166}.Debug|Any CPU.Build.0 = Debug|Any CPU
		{8EAD5ACA-0D1D-4EAF-83AE-8E6BA14CA166}.Release|Any CPU.ActiveCfg = Release|Any CPU
		{8EAD5ACA-0D1D-4EAF-83AE-8E6BA14CA166}.Release|Any CPU.Build.0 = Release|Any CPU
		{3C46E145-4EDB-43D6-9F8D-E0E04CE59FE3}.Debug|Any CPU.ActiveCfg = Debug|Any CPU
		{3C46E145-4EDB-43D6-9F8D-E0E04CE59FE3}.Debug|Any CPU.Build.0 = Debug|Any CPU
		{3C46E145-4EDB-43D6-9F8D-E0E04CE59FE3}.Release|Any CPU.ActiveCfg = Release|Any CPU
		{3C46E145-4EDB-43D6-9F8D-E0E04CE59FE3}.Release|Any CPU.Build.0 = Release|Any CPU
		{B88910E8-DD98-4B37-BFAB-B4B45A362FBF}.Debug|Any CPU.ActiveCfg = Debug|Any CPU
		{B88910E8-DD98-4B37-BFAB-B4B45A362FBF}.Debug|Any CPU.Build.0 = Debug|Any CPU
		{B88910E8-DD98-4B37-BFAB-B4B45A362FBF}.Release|Any CPU.ActiveCfg = Release|Any CPU
		{B88910E8-DD98-4B37-BFAB-B4B45A362FBF}.Release|Any CPU.Build.0 = Release|Any CPU
		{7E6072FC-1176-4072-84A8-0E1AC14DB5C0}.Debug|Any CPU.ActiveCfg = Debug|Any CPU
		{7E6072FC-1176-4072-84A8-0E1AC14DB5C0}.Debug|Any CPU.Build.0 = Debug|Any CPU
		{7E6072FC-1176-4072-84A8-0E1AC14DB5C0}.Release|Any CPU.ActiveCfg = Release|Any CPU
		{7E6072FC-1176-4072-84A8-0E1AC14DB5C0}.Release|Any CPU.Build.0 = Release|Any CPU
		{50883E07-8C26-4F6A-BC7A-DECC0DC58385}.Debug|Any CPU.ActiveCfg = Debug|Any CPU
		{50883E07-8C26-4F6A-BC7A-DECC0DC58385}.Debug|Any CPU.Build.0 = Debug|Any CPU
		{50883E07-8C26-4F6A-BC7A-DECC0DC58385}.Release|Any CPU.ActiveCfg = Release|Any CPU
		{50883E07-8C26-4F6A-BC7A-DECC0DC58385}.Release|Any CPU.Build.0 = Release|Any CPU
		{6EFCD7CA-C785-4267-AA7A-514AE050F7D3}.Debug|Any CPU.ActiveCfg = Debug|Any CPU
		{6EFCD7CA-C785-4267-AA7A-514AE050F7D3}.Debug|Any CPU.Build.0 = Debug|Any CPU
		{6EFCD7CA-C785-4267-AA7A-514AE050F7D3}.Release|Any CPU.ActiveCfg = Release|Any CPU
		{6EFCD7CA-C785-4267-AA7A-514AE050F7D3}.Release|Any CPU.Build.0 = Release|Any CPU
		{C70CAFD2-5B84-4F3E-8EDF-2DA57DE44956}.Debug|Any CPU.ActiveCfg = Debug|Any CPU
		{C70CAFD2-5B84-4F3E-8EDF-2DA57DE44956}.Debug|Any CPU.Build.0 = Debug|Any CPU
		{C70CAFD2-5B84-4F3E-8EDF-2DA57DE44956}.Release|Any CPU.ActiveCfg = Release|Any CPU
		{C70CAFD2-5B84-4F3E-8EDF-2DA57DE44956}.Release|Any CPU.Build.0 = Release|Any CPU
		{2F457EBE-8C3F-4985-8798-6B1B85D4C3E6}.Debug|Any CPU.ActiveCfg = Debug|Any CPU
		{2F457EBE-8C3F-4985-8798-6B1B85D4C3E6}.Debug|Any CPU.Build.0 = Debug|Any CPU
		{2F457EBE-8C3F-4985-8798-6B1B85D4C3E6}.Release|Any CPU.ActiveCfg = Release|Any CPU
		{2F457EBE-8C3F-4985-8798-6B1B85D4C3E6}.Release|Any CPU.Build.0 = Release|Any CPU
		{4F573120-365D-421B-82B2-E084023071D8}.Debug|Any CPU.ActiveCfg = Debug|Any CPU
		{4F573120-365D-421B-82B2-E084023071D8}.Debug|Any CPU.Build.0 = Debug|Any CPU
		{4F573120-365D-421B-82B2-E084023071D8}.Release|Any CPU.ActiveCfg = Release|Any CPU
		{4F573120-365D-421B-82B2-E084023071D8}.Release|Any CPU.Build.0 = Release|Any CPU
	EndGlobalSection
	GlobalSection(NestedProjects) = preSolution
		{48C077AF-7B90-4635-B832-0295ADB83B0D} = {8AD13000-92ED-4171-8C09-A784442DB967}
		{5AB6F323-CE9D-4C54-A431-F08A47AFFA9A} = {8AD13000-92ED-4171-8C09-A784442DB967}
		{F848DC78-D83D-49FB-BF9C-D65BF82B68C6} = {D7D1F46A-21D2-4082-87A8-1D1244C23A01}
		{6B1330FB-A291-4A1E-B94B-64A964BA245B} = {1F27AF3C-1260-4CB1-8B97-7C91051B2CDF}
		{BF284978-911C-4482-9460-62D046C316E3} = {1F27AF3C-1260-4CB1-8B97-7C91051B2CDF}
		{AF9951A7-2FD1-41AD-9BB3-26B84050BE6F} = {1F27AF3C-1260-4CB1-8B97-7C91051B2CDF}
		{CCE67C5D-19C0-472D-A4AA-0E468F669E41} = {1F27AF3C-1260-4CB1-8B97-7C91051B2CDF}
		{B3DE1689-C768-455C-81B6-462F204F3263} = {D7D1F46A-21D2-4082-87A8-1D1244C23A01}
		{7C048B12-C69C-476C-89F1-800A07FBB240} = {D7D1F46A-21D2-4082-87A8-1D1244C23A01}
		{ACE2F8FB-E335-446F-BFDF-94F7934E6570} = {D7D1F46A-21D2-4082-87A8-1D1244C23A01}
		{1B922DDC-3CBC-4E66-B9E6-57DFFAA7A8CE} = {D7D1F46A-21D2-4082-87A8-1D1244C23A01}
		{58F97780-F24A-4BF7-83A5-B191106686D1} = {D7D1F46A-21D2-4082-87A8-1D1244C23A01}
		{A00821C5-DF81-4CD5-AF2F-99195768ED8D} = {3C29E83F-F7C7-47BE-BD38-B8871AD95417}
		{9B7472A5-0385-41E7-8B54-EDA501158740} = {3C29E83F-F7C7-47BE-BD38-B8871AD95417}
		{62C42997-2213-4250-A5F3-98006921C892} = {3C29E83F-F7C7-47BE-BD38-B8871AD95417}
		{9F074C13-093C-4572-8F9E-5716A1D26FB3} = {42DCCFD2-3939-4181-8E86-02975F6E87C1}
		{2ABFE80C-DAC5-4D86-89A5-9AE5D77EB766} = {42DCCFD2-3939-4181-8E86-02975F6E87C1}
		{C3289E5F-B786-445E-B5E2-40A473EA4996} = {42DCCFD2-3939-4181-8E86-02975F6E87C1}
		{5FF57EFA-3629-4CD6-A733-20A941FC72BB} = {42DCCFD2-3939-4181-8E86-02975F6E87C1}
		{382AAC36-90B5-4565-A6EE-263196B794CE} = {42DCCFD2-3939-4181-8E86-02975F6E87C1}
		{13997AF8-3DA3-44DB-9C24-3169E636E597} = {75B5CA3A-430C-471A-8AB8-F0B01B8CA8FB}
		{C0FB9FDF-80F0-4DAB-8603-01B79BCBA842} = {75B5CA3A-430C-471A-8AB8-F0B01B8CA8FB}
		{9354EA37-68FF-467C-AD98-47237DC3527B} = {CBBA604D-F264-49FF-86CE-40FF5D93C42E}
		{DA20D9AF-D79A-418A-90AC-19D23E97C617} = {CBBA604D-F264-49FF-86CE-40FF5D93C42E}
		{A2F2CCB1-4F2C-49D1-8A49-BBB385495687} = {75B5CA3A-430C-471A-8AB8-F0B01B8CA8FB}
		{8F345E15-5455-40D4-8591-6BEB8BD835B6} = {E14EE561-FD93-4DAA-927C-E81291B3CCD4}
		{640BB21B-5546-4F4A-81D0-FEF35F1492C0} = {E14EE561-FD93-4DAA-927C-E81291B3CCD4}
		{0ECA9EDE-D5D4-4EE5-A150-02DB89486F24} = {E14EE561-FD93-4DAA-927C-E81291B3CCD4}
		{61A100E9-A7B3-4F31-B03D-0CC8B659D129} = {E14EE561-FD93-4DAA-927C-E81291B3CCD4}
		{F216CC67-0FB3-44A9-928C-298C8D8E183D} = {BA721255-6DA0-46B1-B6BF-4B6737B61D3B}
		{200B2BF6-ABC4-4D33-903D-136AD778A31D} = {BA721255-6DA0-46B1-B6BF-4B6737B61D3B}
		{10CB45EC-6C67-413E-94DF-4F52F661682E} = {200B2BF6-ABC4-4D33-903D-136AD778A31D}
		{E2CCDAEF-5928-4663-8CB3-F6952F58FFFF} = {200B2BF6-ABC4-4D33-903D-136AD778A31D}
		{F29E92CD-0159-43EA-9782-A7DC884881F0} = {BA721255-6DA0-46B1-B6BF-4B6737B61D3B}
		{E15DA519-B350-4013-A902-9C7720969EB2} = {F29E92CD-0159-43EA-9782-A7DC884881F0}
		{3D6F5835-67D8-4E8B-B1D8-F29F5CD771ED} = {BA721255-6DA0-46B1-B6BF-4B6737B61D3B}
		{7D1F38A7-7245-4C34-9A04-304E93DB8A4B} = {3D6F5835-67D8-4E8B-B1D8-F29F5CD771ED}
		{BABF7BDC-EB02-4238-B1A8-AAA08C203A12} = {3D6F5835-67D8-4E8B-B1D8-F29F5CD771ED}
		{C37FE2DA-F3A5-4C47-A468-F60337A0A0EA} = {200B2BF6-ABC4-4D33-903D-136AD778A31D}
		{57BEEEBC-8CE7-439C-8EC6-4C45A262E10E} = {200B2BF6-ABC4-4D33-903D-136AD778A31D}
		{31C4F546-0E40-4E3D-8B28-3D7160C1F12B} = {200B2BF6-ABC4-4D33-903D-136AD778A31D}
		{8EAD5ACA-0D1D-4EAF-83AE-8E6BA14CA166} = {200B2BF6-ABC4-4D33-903D-136AD778A31D}
		{3C46E145-4EDB-43D6-9F8D-E0E04CE59FE3} = {200B2BF6-ABC4-4D33-903D-136AD778A31D}
		{B88910E8-DD98-4B37-BFAB-B4B45A362FBF} = {200B2BF6-ABC4-4D33-903D-136AD778A31D}
		{7E6072FC-1176-4072-84A8-0E1AC14DB5C0} = {F29E92CD-0159-43EA-9782-A7DC884881F0}
		{50883E07-8C26-4F6A-BC7A-DECC0DC58385} = {F29E92CD-0159-43EA-9782-A7DC884881F0}
		{6EFCD7CA-C785-4267-AA7A-514AE050F7D3} = {F29E92CD-0159-43EA-9782-A7DC884881F0}
		{C70CAFD2-5B84-4F3E-8EDF-2DA57DE44956} = {3D6F5835-67D8-4E8B-B1D8-F29F5CD771ED}
		{2F457EBE-8C3F-4985-8798-6B1B85D4C3E6} = {3D6F5835-67D8-4E8B-B1D8-F29F5CD771ED}
		{4F573120-365D-421B-82B2-E084023071D8} = {3D6F5835-67D8-4E8B-B1D8-F29F5CD771ED}
	EndGlobalSection
EndGlobal
